{
    "_meta": {
        "hash": {
            "sha256": "7d6d91f1bb0108aff60a1ad785bc9ab30d3cb3be42e848187d45f1651e6bcbc7"
        },
        "pipfile-spec": 6,
        "requires": {
            "python_version": "3.13"
        },
        "sources": [
            {
                "name": "pypi",
                "url": "https://pypi.org/simple",
                "verify_ssl": true
            }
        ]
    },
    "default": {
        "boto3": {
            "hashes": [
                "sha256:7d398f66a11e67777c189d1f58c0a75d9d60f98d0ee51b8817e828930bf19e4e",
                "sha256:8e49416216a6e3a62c2a0c44fba4dd2852c85472e7b702516605b1363867d220"
            ],
            "index": "pypi",
            "markers": "python_version >= '3.8'",
            "version": "==1.35.97"
        },
        "botocore": {
            "hashes": [
                "sha256:88f2fab29192ffe2f2115d5bafbbd823ff4b6eb2774296e03ec8b5b0fe074f61",
                "sha256:fed4f156b1a9b8ece53738f702ba5851b8c6216b4952de326547f349cc494f14"
            ],
            "index": "pypi",
            "markers": "python_version >= '3.8'",
            "version": "==1.35.97"
        },
        "certifi": {
            "hashes": [
                "sha256:1275f7a45be9464efc1173084eaa30f866fe2e47d389406136d332ed4967ec56",
                "sha256:b650d30f370c2b724812bee08008be0c4163b163ddaec3f2546c1caf65f191db"
            ],
            "markers": "python_version >= '3.6'",
            "version": "==2024.12.14"
        },
        "charset-normalizer": {
            "hashes": [
                "sha256:0167ddc8ab6508fe81860a57dd472b2ef4060e8d378f0cc555707126830f2537",
                "sha256:01732659ba9b5b873fc117534143e4feefecf3b2078b0a6a2e925271bb6f4cfa",
                "sha256:01ad647cdd609225c5350561d084b42ddf732f4eeefe6e678765636791e78b9a",
                "sha256:04432ad9479fa40ec0f387795ddad4437a2b50417c69fa275e212933519ff294",
                "sha256:0907f11d019260cdc3f94fbdb23ff9125f6b5d1039b76003b5b0ac9d6a6c9d5b",
                "sha256:0924e81d3d5e70f8126529951dac65c1010cdf117bb75eb02dd12339b57749dd",
                "sha256:09b26ae6b1abf0d27570633b2b078a2a20419c99d66fb2823173d73f188ce601",
                "sha256:09b5e6733cbd160dcc09589227187e242a30a49ca5cefa5a7edd3f9d19ed53fd",
                "sha256:0af291f4fe114be0280cdd29d533696a77b5b49cfde5467176ecab32353395c4",
                "sha256:0f55e69f030f7163dffe9fd0752b32f070566451afe180f99dbeeb81f511ad8d",
                "sha256:1a2bc9f351a75ef49d664206d51f8e5ede9da246602dc2d2726837620ea034b2",
                "sha256:22e14b5d70560b8dd51ec22863f370d1e595ac3d024cb8ad7d308b4cd95f8313",
                "sha256:234ac59ea147c59ee4da87a0c0f098e9c8d169f4dc2a159ef720f1a61bbe27cd",
                "sha256:2369eea1ee4a7610a860d88f268eb39b95cb588acd7235e02fd5a5601773d4fa",
                "sha256:237bdbe6159cff53b4f24f397d43c6336c6b0b42affbe857970cefbb620911c8",
                "sha256:28bf57629c75e810b6ae989f03c0828d64d6b26a5e205535585f96093e405ed1",
                "sha256:2967f74ad52c3b98de4c3b32e1a44e32975e008a9cd2a8cc8966d6a5218c5cb2",
                "sha256:2a75d49014d118e4198bcee5ee0a6f25856b29b12dbf7cd012791f8a6cc5c496",
                "sha256:2bdfe3ac2e1bbe5b59a1a63721eb3b95fc9b6817ae4a46debbb4e11f6232428d",
                "sha256:2d074908e1aecee37a7635990b2c6d504cd4766c7bc9fc86d63f9c09af3fa11b",
                "sha256:2fb9bd477fdea8684f78791a6de97a953c51831ee2981f8e4f583ff3b9d9687e",
                "sha256:311f30128d7d333eebd7896965bfcfbd0065f1716ec92bd5638d7748eb6f936a",
                "sha256:329ce159e82018d646c7ac45b01a430369d526569ec08516081727a20e9e4af4",
                "sha256:345b0426edd4e18138d6528aed636de7a9ed169b4aaf9d61a8c19e39d26838ca",
                "sha256:363e2f92b0f0174b2f8238240a1a30142e3db7b957a5dd5689b0e75fb717cc78",
                "sha256:3a3bd0dcd373514dcec91c411ddb9632c0d7d92aed7093b8c3bbb6d69ca74408",
                "sha256:3bed14e9c89dcb10e8f3a29f9ccac4955aebe93c71ae803af79265c9ca5644c5",
                "sha256:44251f18cd68a75b56585dd00dae26183e102cd5e0f9f1466e6df5da2ed64ea3",
                "sha256:44ecbf16649486d4aebafeaa7ec4c9fed8b88101f4dd612dcaf65d5e815f837f",
                "sha256:4532bff1b8421fd0a320463030c7520f56a79c9024a4e88f01c537316019005a",
                "sha256:49402233c892a461407c512a19435d1ce275543138294f7ef013f0b63d5d3765",
                "sha256:4c0907b1928a36d5a998d72d64d8eaa7244989f7aaaf947500d3a800c83a3fd6",
                "sha256:4d86f7aff21ee58f26dcf5ae81a9addbd914115cdebcbb2217e4f0ed8982e146",
                "sha256:5777ee0881f9499ed0f71cc82cf873d9a0ca8af166dfa0af8ec4e675b7df48e6",
                "sha256:5df196eb874dae23dcfb968c83d4f8fdccb333330fe1fc278ac5ceeb101003a9",
                "sha256:619a609aa74ae43d90ed2e89bdd784765de0a25ca761b93e196d938b8fd1dbbd",
                "sha256:6e27f48bcd0957c6d4cb9d6fa6b61d192d0b13d5ef563e5f2ae35feafc0d179c",
                "sha256:6ff8a4a60c227ad87030d76e99cd1698345d4491638dfa6673027c48b3cd395f",
                "sha256:73d94b58ec7fecbc7366247d3b0b10a21681004153238750bb67bd9012414545",
                "sha256:7461baadb4dc00fd9e0acbe254e3d7d2112e7f92ced2adc96e54ef6501c5f176",
                "sha256:75832c08354f595c760a804588b9357d34ec00ba1c940c15e31e96d902093770",
                "sha256:7709f51f5f7c853f0fb938bcd3bc59cdfdc5203635ffd18bf354f6967ea0f824",
                "sha256:78baa6d91634dfb69ec52a463534bc0df05dbd546209b79a3880a34487f4b84f",
                "sha256:7974a0b5ecd505609e3b19742b60cee7aa2aa2fb3151bc917e6e2646d7667dcf",
                "sha256:7a4f97a081603d2050bfaffdefa5b02a9ec823f8348a572e39032caa8404a487",
                "sha256:7b1bef6280950ee6c177b326508f86cad7ad4dff12454483b51d8b7d673a2c5d",
                "sha256:7d053096f67cd1241601111b698f5cad775f97ab25d81567d3f59219b5f1adbd",
                "sha256:804a4d582ba6e5b747c625bf1255e6b1507465494a40a2130978bda7b932c90b",
                "sha256:807f52c1f798eef6cf26beb819eeb8819b1622ddfeef9d0977a8502d4db6d534",
                "sha256:80ed5e856eb7f30115aaf94e4a08114ccc8813e6ed1b5efa74f9f82e8509858f",
                "sha256:8417cb1f36cc0bc7eaba8ccb0e04d55f0ee52df06df3ad55259b9a323555fc8b",
                "sha256:8436c508b408b82d87dc5f62496973a1805cd46727c34440b0d29d8a2f50a6c9",
                "sha256:89149166622f4db9b4b6a449256291dc87a99ee53151c74cbd82a53c8c2f6ccd",
                "sha256:8bfa33f4f2672964266e940dd22a195989ba31669bd84629f05fab3ef4e2d125",
                "sha256:8c60ca7339acd497a55b0ea5d506b2a2612afb2826560416f6894e8b5770d4a9",
                "sha256:91b36a978b5ae0ee86c394f5a54d6ef44db1de0815eb43de826d41d21e4af3de",
                "sha256:955f8851919303c92343d2f66165294848d57e9bba6cf6e3625485a70a038d11",
                "sha256:97f68b8d6831127e4787ad15e6757232e14e12060bec17091b85eb1486b91d8d",
                "sha256:9b23ca7ef998bc739bf6ffc077c2116917eabcc901f88da1b9856b210ef63f35",
                "sha256:9f0b8b1c6d84c8034a44893aba5e767bf9c7a211e313a9605d9c617d7083829f",
                "sha256:aabfa34badd18f1da5ec1bc2715cadc8dca465868a4e73a0173466b688f29dda",
                "sha256:ab36c8eb7e454e34e60eb55ca5d241a5d18b2c6244f6827a30e451c42410b5f7",
                "sha256:b010a7a4fd316c3c484d482922d13044979e78d1861f0e0650423144c616a46a",
                "sha256:b1ac5992a838106edb89654e0aebfc24f5848ae2547d22c2c3f66454daa11971",
                "sha256:b7b2d86dd06bfc2ade3312a83a5c364c7ec2e3498f8734282c6c3d4b07b346b8",
                "sha256:b97e690a2118911e39b4042088092771b4ae3fc3aa86518f84b8cf6888dbdb41",
                "sha256:bc2722592d8998c870fa4e290c2eec2c1569b87fe58618e67d38b4665dfa680d",
                "sha256:c0429126cf75e16c4f0ad00ee0eae4242dc652290f940152ca8c75c3a4b6ee8f",
                "sha256:c30197aa96e8eed02200a83fba2657b4c3acd0f0aa4bdc9f6c1af8e8962e0757",
                "sha256:c4c3e6da02df6fa1410a7680bd3f63d4f710232d3139089536310d027950696a",
                "sha256:c75cb2a3e389853835e84a2d8fb2b81a10645b503eca9bcb98df6b5a43eb8886",
                "sha256:c96836c97b1238e9c9e3fe90844c947d5afbf4f4c92762679acfe19927d81d77",
                "sha256:d7f50a1f8c450f3925cb367d011448c39239bb3eb4117c36a6d354794de4ce76",
                "sha256:d973f03c0cb71c5ed99037b870f2be986c3c05e63622c017ea9816881d2dd247",
                "sha256:d98b1668f06378c6dbefec3b92299716b931cd4e6061f3c875a71ced1780ab85",
                "sha256:d9c3cdf5390dcd29aa8056d13e8e99526cda0305acc038b96b30352aff5ff2bb",
                "sha256:dad3e487649f498dd991eeb901125411559b22e8d7ab25d3aeb1af367df5efd7",
                "sha256:dccbe65bd2f7f7ec22c4ff99ed56faa1e9f785482b9bbd7c717e26fd723a1d1e",
                "sha256:dd78cfcda14a1ef52584dbb008f7ac81c1328c0f58184bf9a84c49c605002da6",
                "sha256:e218488cd232553829be0664c2292d3af2eeeb94b32bea483cf79ac6a694e037",
                "sha256:e358e64305fe12299a08e08978f51fc21fac060dcfcddd95453eabe5b93ed0e1",
                "sha256:ea0d8d539afa5eb2728aa1932a988a9a7af94f18582ffae4bc10b3fbdad0626e",
                "sha256:eab677309cdb30d047996b36d34caeda1dc91149e4fdca0b1a039b3f79d9a807",
                "sha256:eb8178fe3dba6450a3e024e95ac49ed3400e506fd4e9e5c32d30adda88cbd407",
                "sha256:ecddf25bee22fe4fe3737a399d0d177d72bc22be6913acfab364b40bce1ba83c",
                "sha256:eea6ee1db730b3483adf394ea72f808b6e18cf3cb6454b4d86e04fa8c4327a12",
                "sha256:f08ff5e948271dc7e18a35641d2f11a4cd8dfd5634f55228b691e62b37125eb3",
                "sha256:f30bf9fd9be89ecb2360c7d94a711f00c09b976258846efe40db3d05828e8089",
                "sha256:fa88b843d6e211393a37219e6a1c1df99d35e8fd90446f1118f4216e307e48cd",
                "sha256:fc54db6c8593ef7d4b2a331b58653356cf04f67c960f584edb7c3d8c97e8f39e",
                "sha256:fd4ec41f914fa74ad1b8304bbc634b3de73d2a0889bd32076342a573e0779e00",
                "sha256:ffc9202a29ab3920fa812879e95a9e78b2465fd10be7fcbd042899695d75e616"
            ],
            "markers": "python_version >= '3.7'",
            "version": "==3.4.1"
        },
        "idna": {
            "hashes": [
                "sha256:12f65c9b470abda6dc35cf8e63cc574b1c52b11df2c86030af0ac09b01b13ea9",
                "sha256:946d195a0d259cbba61165e88e65941f16e9b36ea6ddb97f00452bae8b1287d3"
            ],
            "markers": "python_version >= '3.6'",
            "version": "==3.10"
        },
        "jmespath": {
            "hashes": [
                "sha256:02e2e4cc71b5bcab88332eebf907519190dd9e6e82107fa7f83b1003a6252980",
                "sha256:90261b206d6defd58fdd5e85f478bf633a2901798906be2ad389150c5c60edbe"
            ],
            "markers": "python_version >= '3.7'",
            "version": "==1.0.1"
        },
        "leaguepedia-parser": {
            "hashes": [
                "sha256:062cdbae10f76db5ab83859d8f589a373ae01b825d1a9917c19c1fe8c1f6adb0",
                "sha256:d2b03573e6606a5edb844f680bd7db977533b5d55bfa9455857ef58d6cf1d294"
            ],
            "index": "pypi",
            "markers": "python_version >= '3.8' and python_version < '4.0'",
            "version": "==2.0.2"
        },
        "lol-dto": {
            "hashes": [
                "sha256:13ecb7fecf993c2790e6dbe4bb2c51512dee26daab7b5f483be78e9fc7b6ffa8",
                "sha256:d7cd85eb0ee7324fba4598d34b32b7556693ab781d466ea1ec5fccd7f82a1885"
            ],
            "markers": "python_version >= '3.7' and python_version < '4.0'",
            "version": "==2.0.0"
        },
        "lol-id-tools": {
            "hashes": [
                "sha256:39a778539be22e54660e246d4847d560becc278f229a981117fecce8175cd6ba",
                "sha256:ebc627173b4477650e4d10cd3237309fc5899cb085d67fa56a99d4e36a18aca8"
            ],
            "markers": "python_version >= '3.8' and python_version < '4.0'",
            "version": "==2.0.1"
        },
        "markdown-it-py": {
            "hashes": [
                "sha256:355216845c60bd96232cd8d8c40e8f9765cc86f46880e43a8fd22dc1a1a8cab1",
                "sha256:e3f60a94fa066dc52ec76661e37c851cb232d92f9886b15cb560aaada2df8feb"
            ],
            "markers": "python_version >= '3.8'",
            "version": "==3.0.0"
        },
        "mdurl": {
            "hashes": [
                "sha256:84008a41e51615a49fc9966191ff91509e3c40b939176e643fd50a5c2196b8f8",
                "sha256:bb413d29f5eea38f31dd4754dd7377d4465116fb207585f97bf925588687c1ba"
            ],
            "markers": "python_version >= '3.7'",
            "version": "==0.1.2"
        },
        "mwcleric": {
            "hashes": [
                "sha256:954f3129990775fd94003d86989420e9b5e222431d6bc1a2110cfc68ac20fb51"
            ],
            "markers": "python_version >= '3.6'",
            "version": "==0.10.4"
        },
        "mwclient": {
            "hashes": [
                "sha256:79363dd8d12f5e3b91b92b63152bf9dfef27da786c076a244e1f148c8dd67139",
                "sha256:7aad000c4c7f239c7c92c43e2d5fbdaf8573262accd6070524ff42e46950306e"
            ],
            "version": "==0.10.1"
        },
        "mwparserfromhell": {
            "hashes": [
                "sha256:007d0859e5467241b73c6e974df039a074609ce4e2b9df8c2263a8920554d032",
                "sha256:03e03b8bec729af850457d045b04d0c9d3e296ff8bf66b455f754cccb29c3bea",
                "sha256:063c1e79befd1f55d77c358e0f5006f5ecf88ddf218ff6af55188d686139330e",
                "sha256:1915fe4f5e5ae34f16242d4cd98da2adc81a810ab94105ec2af3dc95d7ce74aa",
                "sha256:1960bcc5115ea57427df130150edf1dbfc2fb03465e548e630bb6eb37976d793",
                "sha256:19e9a4bcd85707c83172405eb2a9a046eff9d38dd7f1a56a5e5ecbbfef4a640a",
                "sha256:1d2422659abb29191a0fa096cf8bead837ac3ecd343065569b2acc7a84ecf866",
                "sha256:2b75fae6d01c8fda19dbf127175122d7aa2964ef6454690e6868bbc3d80a7bc1",
                "sha256:50c482e703d2d51401f7e36a71ae9493901f170225940196292f97398713dde5",
                "sha256:54e2dd30edc1a358408d14343b30dcca0b4613227781e4bbee968bd4395d94ff",
                "sha256:59633d3cc09993af75ced8dfbd6800e1e38e64620851a095575621548448875c",
                "sha256:6a89edf53f15877223d923e122e9a97f3f7b85f56dc56d91a3d77b89c9dd4126",
                "sha256:6b11dea3bcdebe4554933169eade815e9d6b898175faa5a20a744524fd99210f",
                "sha256:71afec1e9784ba576e95d6f34845582d3c733a3a52ba770dd8a9c3a40e5b649f",
                "sha256:746bad799179684994ecee72a26352e0bbe2b697f6a7e35dc5ad151606bcb8ab",
                "sha256:910d36bc70e8bea758380e75c12fd47626b295abec9f73a6099d8f937a649e77",
                "sha256:9136696d6b29838adcf8f428e3f7028b2c6e788fc05fe1beeb4b135429c356df",
                "sha256:a58251a5d5c77abdfd061624dc05667c2774e93e8178a2fbd1a3b45f8673f1a9",
                "sha256:cdc46c115b2495d4025920b7b30a6885a96d2b797ccc4009bf3cc02940ae55d3",
                "sha256:d2febd92a55a3f19b461833267726cb81429c3d6cb0006ad1691dfa849789e5d",
                "sha256:d6995b9cfe6ec79556db0232a39210ac11aa69ee304cfc95b29c51be381e202b",
                "sha256:dbe5976b1b524e26aa2eb71b6219960f2578f56b536c68e0a79deb63e3b7f710",
                "sha256:e28ffa9a7e0748ec64002a84234201ef69c2d4a710508baf9cc25f4ee274c6bd",
                "sha256:ebc70f8a24aa60e54728be740f1c12a4acb1b12d1cc947d87b067cc1c83339fd",
                "sha256:fd05481adc0806f4b8f8f8cb309ec56924b17ce386cb1c2f73919d8a012e6b16",
                "sha256:fff66e97f7c02aa0fd57ff8f702977a9c5a1d72ef55b64ee9b146291e4c41057"
            ],
            "markers": "python_version >= '3.8'",
            "version": "==0.6.6"
        },
        "mwrogue": {
            "hashes": [
                "sha256:ebe4d6c94315e40ea026be13cc5b6ebee2089f36f08e46c119455d836bd4a455"
            ],
            "markers": "python_version >= '3.6'",
            "version": "==0.1.5"
        },
        "oauthlib": {
            "hashes": [
                "sha256:8139f29aac13e25d502680e9e19963e83f16838d48a0d71c287fe40e7067fbca",
                "sha256:9859c40929662bec5d64f34d01c99e093149682a3f38915dc0655d5a633dd918"
            ],
            "markers": "python_version >= '3.6'",
            "version": "==3.2.2"
        },
        "pydantic": {
            "hashes": [
                "sha256:0a2351eb63b8c7016d30b1d8fa390f4666488a0ed4071972afb63696810ecc8f",
                "sha256:110e5e68e6abc3b4b2520f907d61f927a3e885175e285540e0ea0de5233842ec",
                "sha256:13262acfdc60b8af048ee27483ebbcbdf5ea3217c8b8e4eede94373c8d65f6a5",
                "sha256:1c30e3ac1f7361d86eb47cb368281bdf219531a118f6f5a9988ac50ffa5a07a4",
                "sha256:1f6d485ef36dcd597f7d6226bf8cb222b3b5a1a9191261b7ec5677b08e9230bc",
                "sha256:223a913de180e1f12c11509d490a9db553693e3901e48be6600d2bea296087af",
                "sha256:300bc62548dc714abb1eae786cf8950101d437044b89762a0616b81e829022d9",
                "sha256:31e699a67b53c9a07780caacf662d4bc6eed15cb70b3bc30256cbef000ad6874",
                "sha256:330d1f27b3e5a93e4b9bf5ceb6a4a4d58286b07be4ae67489413f51be300562f",
                "sha256:48b79483845fcdbc286814c8f2921dc65201e3b0db9ce74f8d6589f8eed670fe",
                "sha256:4b378c2fd51dc0c475a01c46748a5bcf7d41d23e4620d7622a373d7dab6dc2cf",
                "sha256:4ba8067382f3b842a1dd3dd48318dbb43884e0c5987101be2c5b528e7b8e5d24",
                "sha256:4d6efdd3653713c1e24a46ec966e296faf28933da319692e2adbe5bb6d980418",
                "sha256:5d75b5f17e308babda1489f2ace450675724b209b4b505d741bf680f48470da9",
                "sha256:604904991eb38e68674892bfea9e9fce6cea62b4d9b9593a2575080842512edb",
                "sha256:61bcdd86348dd5e268f0f306d8d9c00c0e10f158af53538ce270447e67af88b0",
                "sha256:64793e059a9e254a1dd63e70bb946e550ac6ba465e13b9aec40408bc10b038c0",
                "sha256:64aae7ea5c88db33fabeb3017f8d25f2ebff0244a3db3819c38bdcef42e917d6",
                "sha256:657f0977327dd41b3e25c2adec81cf58a7e62b868876bef80b9deec38d264428",
                "sha256:664110d074bfc14432326d59ec51da0c260050935fe7cdb3579d24b02766dd93",
                "sha256:6c5bbbc02ca58c16072f121d2815682b4b91e36b4924e2583c2700944b1c7059",
                "sha256:6dc2d83c46819c12152beba7904362e4da08514591e124d9ec4804b160d199f9",
                "sha256:7080498fc37d785e755d0d602a4ecc2c62005213b4b138668dd54937bcd536e0",
                "sha256:7254ddf29252f373c1498e3f3eb7d99b030b01d714de2319e3bf70a18859f597",
                "sha256:73355a1766303e0a77cad2278d105e73ae6b701aae1d9415fbed3f7c43cd5548",
                "sha256:7fb3d37f29cfa83b00eef518187509044626162511da5367ada03ba29647630f",
                "sha256:875f6b2f99b621c1fcdb3ba947e4a89120c5199ffe873b5c0f81b0668a2b1647",
                "sha256:88f552e84c27b321310c0bdefe90b5279f5c4255867b4fcbbbdfe8bb86831750",
                "sha256:8ac811fade848d35a025a4486b6f5b0205843139e1071d00bfc6ddef3c2edbf0",
                "sha256:8dbb8fb6f0ee469c197047e5e69f51677f0bf6297619c98c814a22965a5486d4",
                "sha256:8f3b3bace9ad31f7cf73a359af74fd0f4ca6774d95df060452f9ac854f992343",
                "sha256:9650ac4b91ceac1d7955841eeb6e40abdfc0c8b330bd73c78a98f30214689bef",
                "sha256:9703ba9ded519b874d2125856a8a8c4230fe57ef13f0b945b56e22f840b3eaec",
                "sha256:a6f35e5cf34d753f9d46cd0318f3bf22dc0f7246cbf7ca1ed52a650e5ae50118",
                "sha256:a80ab0f842873be331f8915ee70eb64457972a8706785979f98793a34b168029",
                "sha256:abd4726eb30445555fa2e95795af1603af6023d216e9d9f45d940e0f07a1eda7",
                "sha256:b3c917a4a5108090587cb4988076bf34b381ae4502dcd48cb615b27a2e9c0413",
                "sha256:bed9ec215fa46fb4024777d4098816e2779b5c0192c3646aa1766c7527031c7d",
                "sha256:c0665db7058452f1f694e94be1912527430e1e816f69100d653be7506c9816df",
                "sha256:cd9c1a6a60d54281defb35292d3f2b70bce1b62fe404fd991688fa146715936a",
                "sha256:d1a58b0b07a8bce4c8fb368435571a8bcf0457332c503055b1bbff5e4e65c13e",
                "sha256:d52e56af3543a5995baef5963b4d5cd3e9d02c6dea6da1e4e9e7430fe4e841f8",
                "sha256:d72209eeb68a444481436bdf30cbe5f8b1344c4d0731b61498a09a5c08c53c0e",
                "sha256:d9041e27b36597a54fbe59c4f8e205748d72d455dfc29e98b5d72d97f7d0c036",
                "sha256:e65c1f00d651b8c186fbf0931d817d3e31fa7789cdfd6097b1787553029ac628",
                "sha256:e6fbf8fdc5991560709cb24cebab2e3812b7c8e3eac922a8bf51a531046fb494",
                "sha256:e95bd05a0325301b6e2a05ef65948cbe13fe5abdf870b003fb750effaca25eb4",
                "sha256:ef6feab9add46f970cbe5676da7681700ddade1d9aeeb206d61c3e6e47d39e8f",
                "sha256:f6ad5b83a480fe28729da2b537d4bef4a013e1879ced7bf79bf389d732eabfe9",
                "sha256:f83f852eba6e70a65daf1eb7ea7fc834b6e5ccd4f1f427d6a7f3c06b9a63ef0f"
            ],
            "markers": "python_version >= '3.7'",
            "version": "==1.10.20"
        },
        "pygments": {
            "hashes": [
                "sha256:61c16d2a8576dc0649d9f39e089b5f02bcd27fba10d8fb4dcc28173f7a45151f",
                "sha256:9ea1544ad55cecf4b8242fab6dd35a93bbce657034b0611ee383099054ab6d8c"
            ],
            "markers": "python_version >= '3.8'",
            "version": "==2.19.1"
        },
        "python-dateutil": {
            "hashes": [
                "sha256:37dd54208da7e1cd875388217d5e00ebd4179249f90fb72437e91a35459a0ad3",
                "sha256:a8b2bc7bffae282281c8140a97d3aa9c14da0b136dfe83f850eea9a5f7470427"
            ],
            "markers": "python_version >= '2.7' and python_version not in '3.0, 3.1, 3.2'",
            "version": "==2.9.0.post0"
        },
        "pytz": {
            "hashes": [
                "sha256:2aa355083c50a0f93fa581709deac0c9ad65cca8a9e9beac660adcbd493c798a",
                "sha256:31c7c1817eb7fae7ca4b8c7ee50c72f93aa2dd863de768e1ef4245d426aa0725"
            ],
            "version": "==2024.2"
        },
        "rapidfuzz": {
            "hashes": [
                "sha256:00bd97cd31aad049400b70e0872b54457c4769b296176d5b064f6a5d6391909f",
                "sha256:02b3612c9318006290e6e6d82f1f98b83aa4cf062075c5ea03fac71ba4d31499",
                "sha256:02fd52352346c965fdc9de9d26f55d61941cc27c876a589eeb3f4efdb7dffdb1",
                "sha256:03ceea6cc9e4442379aa8581fbe61bad6e12d7938b16fbdc8442c8d915ad1154",
                "sha256:055e85bb1237142da4ed024f9986c3720d484036f8dd550b090582f288b71bb9",
                "sha256:05b1cfca399461e1f534fbeb3c87f39f2c37ed71f8d1dfb02b78a5b3f81bf0ef",
                "sha256:0860877f455833e5ed7113e859a9b2bf9670b22fdc7a48b81384a04c4a8e8a48",
                "sha256:0a02f1b08879a74aa7b4e562823f67a2e913fe3bd18c5346d9270d16fc588500",
                "sha256:0a252ccb39d628d0f68bab80ba18a02e0d1853a0ec71991e665a6bf81a28c79a",
                "sha256:0af367ecb515ae695d7da21b0bd05784f388621e9d6a2e21dc96e6ba5d18d95f",
                "sha256:0b4c632b684478fd8780970685a0c575a5bee65692727ff9898acf75d61cb3ff",
                "sha256:0e9fb88659cff92eba1b441efe426a4c349372137ee713b3a3933cc6ead73234",
                "sha256:1496540d2ce8b1b9f340e652b9306674fa657d8d3a0b9629421cf31ace219092",
                "sha256:153366a00ea22e79f051298fb9606bf9472bca5ce1b82319070fcbea2f7b97d7",
                "sha256:199676b8a19746017a0fbad0eb11380cbda4f635b6d2ee477544743b7f99d947",
                "sha256:19f72cfe2553c83c5e383851aba2891dafbb6446b6ae1ec0637333558ddd564e",
                "sha256:1a78c75ad082fdd58fdcf04551b7737c96aa9e870f1b008b881fc179e7dc6208",
                "sha256:1ae3f741b9b3e95908158e6e56a5f11c1abc51754801dccd495e5cba734c541e",
                "sha256:1b7a670aed23d9a8d27a0031fa059e8f50f3f7287bd5a075a448251029794de9",
                "sha256:237d5b4cbfacdef0a84f2ead0b4819c586bb74d05f4a380bd2f8489464b7b7fa",
                "sha256:29352510bcc2b7c3c7f3c1ab6f4c2115dc640cd79a9dc8e01adbae19fb96d359",
                "sha256:2ce4a91be05c28b57d5019b09cf0970305760623e34da95f2cddd9067e7fe91d",
                "sha256:301709491a7960473c34501602cd85a7653df7e0d4189c0ded1e0fd86a83b6ca",
                "sha256:34623f51ed5dcbb2ddb97b2fefda34e7b53a047c71aac5ec6b72e42d5263f8b2",
                "sha256:3a3df80a264a999a120e637f98a1460d4f2c815323dd605e2022eef97db55448",
                "sha256:3c94e247011fa7eea14d210123ebda2ecdf98ccc114254353edb4501ee8a19d7",
                "sha256:3f8eaf74105ffea1d15198b109ff0ca7b6dccafc61e05fa5f98a53d925707c57",
                "sha256:3ff36fb50f02259402d7cbdc96f75671b2cb14550db5ad6534a09a7f4940d796",
                "sha256:423ef2ca785da77cd081d5bbc57035dc9b91500008a1b8e8e811a0ba3871a5ee",
                "sha256:454ab8b5c8fc526243133dab013f0a3355efcc1200829cfba7ef56280c7763fc",
                "sha256:49972e202251ba60de41a7add8e86a055478020eabf3339300f46a8fdc35d048",
                "sha256:499a170088049258d5118bff8cf88f88ef6054544edbea0f2920eba8669e5eb9",
                "sha256:4e110224e0de4fe4876224104a79550d18df15459fe94adf24b4b644e31d69cc",
                "sha256:4f55ad06ff79c2ffa3d1f5b38ce8f3082fa4db57c04be7de85243bd0625ca4ef",
                "sha256:4f997a93b85c5798fe139a46c68c85de06ff75b4fd52d52463e46573bff39774",
                "sha256:58073d3ebed8c0f51e163654dcb5e34f1e8b67f7b23361441861c6021243184b",
                "sha256:5b31f65137e8e45c4fb2dda394bb31598cff8290fb0ce5e66c8cf47d1bc554cb",
                "sha256:5fb89d3a8d389eca258aba913adc81a8b8231b48896abbcb2f05768455584c4e",
                "sha256:66db4817c54a6ca91234959c4f6d0cb1fd943ddfb379ee7f9e6dce99b522554e",
                "sha256:675c9052b3a04a4b33c92f0b8952ef2439163853422cc583286351ee82fc4d26",
                "sha256:689008633f88cf8802dbd281ac745775aeeee67525d532fcbabda0c8bc5b2e32",
                "sha256:6bf1c60432755ed8ab5870a932b7c9382435a240d727d3b5e68f9ff9f83a3556",
                "sha256:6c32c855e16ef3890037569f6f1299857172c674cd8946244e5fb7d5cacb771a",
                "sha256:6e7ba83d0846991f67c2ec12ff8530b5e0f929e32a57352080b5f95aade0a62e",
                "sha256:6edc9b138797c60c1276171d8c97f53b17e304ade37c022ff97b1e995f79ba79",
                "sha256:773dff970af0474d7d551a953a0075840ced30315d4885e038a289857ed33365",
                "sha256:77c540546c0ea7cb229cd9823f9cd174c93988657727880bfdd6db7f353f93d6",
                "sha256:780b006bd007e4a071a9c022733f56b0df1f8c269bb7e9dbe079a79e8d9d3b8d",
                "sha256:796e53c5f78c159aff8e5003bca41bfe007c6a63ee7e7a289765a7db30429197",
                "sha256:7a716bbded611cc82f7b27dcd7335b7bae49706c97a8738283464ff1536e7407",
                "sha256:7e27da009ef39dc64297bcdf09c8d4c79ac90d0015fcf0a01af2a802cd7e1803",
                "sha256:7ef4dea11b87234e8b08ee47df9d869ae071bdacb5e55df82673ab9fa622f1e0",
                "sha256:830f799e5ec534633dee3b26c6d5398461dd3ced22118ab590f7fd0f91263058",
                "sha256:892d0d75f0b820d949b0bf9502f746cfcbaab98d8a47653fa8369607fde250f1",
                "sha256:898bee3fd785ee695d4cb0d3c689407809cafca472851904aa78143ca6634903",
                "sha256:8bdc497a8930428fa35158c58a744ddaa930621b80adfb61884456d8f184288a",
                "sha256:8f220df380c127ef8a9129d8878dabf99ed0f543597cf81dfdd30eca03843666",
                "sha256:8f3e2cc54edffd62ae38a03802b79c0f0cec6c2f89819607350fb5c4c00442d7",
                "sha256:97f6c4948ca07ad1a30e70da56ec672422ef6bf18d10b6a881e7a64ba73a126d",
                "sha256:9c968a2330b6f2de93e6d54ef7ebd5e5724ee730cd6f225e977cebc7af1df366",
                "sha256:9dd0aab9ffab0010ae28b60f64c98c09c93086b3dc0cb3da863e53a3ca14a2bd",
                "sha256:9f52338e4e69aff4260c84275c7a704d198315b9b84303e67e584971409347d0",
                "sha256:a09187df670e344468597b2c6f5ddc7651be75c4b594baa62c9261a144e5c058",
                "sha256:a100ca26804b9ac2b2c0f70c632102bc0005d2cafe6d748f5d01dbe569c378bf",
                "sha256:a1ecd818c108cefea2c02a9a716e223f811e612a050c8625555336b65d1cabef",
                "sha256:a34136ab5bbd1b9643f9072102a88471995100b5d734cfaa946d3b63e332e653",
                "sha256:a358eb275eadad0ac44f0fdb2255d6b373908c742f94e06b2190dbfaaaaa49b8",
                "sha256:a3eda119ebcf501dc35054abd9a187b5249b3d93b3965485371efb48e735b72c",
                "sha256:a5c875da0e0c9709dbdc6e33a7f061192e98943817e6d0e1f5d1d8b07050e349",
                "sha256:a69ebe7b493557c425ca1d64bf0b5599f0405772b5179070adc2f62f7867836f",
                "sha256:a9df54f67a22a2447b8b6648880de9ede5e2a2e568644e1de770df9bef5c2fb4",
                "sha256:aab133bea22acbd3fa3740989a2f21d0e275efede2bf406a25a84392086c32f9",
                "sha256:aabd9da406fec009c08d2cd1bfa444ee568edf8e7c9a9d5e609885fc81c243a3",
                "sha256:ab2f86733fe34cd825b6cbc688d41b7eb19ae0ce1ea7dc57eac13862d4b9ecb5",
                "sha256:b2e64e08588965b2490ee6b581d3901dd207ec3f6919b1c8da495183acfde953",
                "sha256:b32e4fd756a32f92b6f8b707a682ab4054b90c835021c01d81baba22f6277172",
                "sha256:b9c3e07d13661871aebc325b9b3acbd42355a1df1e21ad0435fc81980fd20607",
                "sha256:ba35ec7256a86270a5e2d193ff0089cf84787a1aa94a48f5f6105f86feb8ca38",
                "sha256:bcf1d564ec948a4bf0750252579871be1790de66200f4cf8d624446017d74ee9",
                "sha256:bdfc137bbe2e942321f725004395444d2594077932ad55f927d6b6e884c09142",
                "sha256:bfc1d38a7adcbe8912f980a5f46f27a801dd8655582ff0d4a2c0431c02b7ce33",
                "sha256:c02fd6d75de19633f622daf6584cb6ed3148eac3a2b6b08fd3539c166de2921f",
                "sha256:c0c8475f029a50bf65571b59d332fccd3eb33c5e49283868490a973e9ca7c33c",
                "sha256:c0f12cc4a8216edfaa0511aae34d8b2f824a05cfe5a26a08de9cf180ae584e88",
                "sha256:c279864902a9538b17547e0d9399f05f36ebb9f3356bc5bc4cec2ba137fa5a17",
                "sha256:c2d64820ae7a795082208a2d762c6a291aca116b86e35c2831e468ae3d4bb5cd",
                "sha256:c536fbbebb496a76cac3a45f139bf023807b1fb6e2262e77f875fc9b6802ec4e",
                "sha256:c6776c27385f3fe5810f3c389f01957d5fa6c3c7f7a76fd9815f2933674f787f",
                "sha256:cadabe1287314bc5053f57c6043df04e33cf5fba33514ca0f4c7b0b8476063a0",
                "sha256:cb9f24fafb5ed77fc2ce23b1d8351efcfdb4c05b5f3b96bf004e89344a3d30ed",
                "sha256:ceecb57ec9e5c0d5bd9bd2881731c59cdc9a2c51711fd0b29b5bf14bdcab465f",
                "sha256:d01bae563a010900abba857e485c3747a78d61c88431cc3d9bea894c7c3e521f",
                "sha256:d21c66b15fbe253d48399a9d9db361ab2b3462a59b78c9279d9d7d347f5ded91",
                "sha256:d5550e0078b2618c4ea7ea761053337eb7c5f5cc515f4941d8108ce9b0c7ee8c",
                "sha256:d60a2368e2564155d7209143a6b1dafa1eb457f31cf44698f917cba608d2341f",
                "sha256:e427a9c9c1a8adac7b0293ddfe8f5885edf4f425cfd8a3b7ceae20434ec0663c",
                "sha256:e46f82fda6f969da8be5a8f33a057b2a9c6e7b80ab8679344a72e6fb708a48fc",
                "sha256:e772677a84a166531f975301cb91db234a56eb5b6785e79ff5cb335251580efc",
                "sha256:e85579a698c9436c2dac1583d4b07cca635faeb9a7adeab03d42938ec0fe9f58",
                "sha256:ea541d56fbb7de717a013790c2bce655252da220f23db0c6ce24f628cbe228e6",
                "sha256:eb74dcfadf0c5f520074455fe51fa0f62876e5473f5f60521d153afef888ef70",
                "sha256:ed0ec102b5e405d7562e4df05729a89467ae5c8a364c52fcf8c129398e82e6c5",
                "sha256:ee3d9bc953f232bffcbd973137505f6cf5be5ed9c2cdc5e4a5db4be33bf5a734",
                "sha256:ee9ee24eb431d5f73d0b255dc8e66272967a58cd6670cca984a81bbfc7dde904",
                "sha256:efb94f6adbbbdacac9f687eb151ae9220ee9f141bb259fe07e82a2087114c17e",
                "sha256:fcbfe5497c93a1b8717ea38b41b47f7e9d155fbc36a6bbfa84b8c901875465af",
                "sha256:fd40f263d1ad1cdd4b657e867654674315eea9abf3fce64269610b7bc81265ee",
                "sha256:ff82edd7ff9796e2ca349aa583fcb6b9ae96db0b6c5a76dcf0c1f67b1cb86964"
            ],
            "markers": "python_version >= '3.7'",
            "version": "==2.15.2"
        },
        "requests": {
            "hashes": [
                "sha256:55365417734eb18255590a9ff9eb97e9e1da868d4ccd6402399eaf68af20a760",
                "sha256:70761cfe03c773ceb22aa2f671b4757976145175cdfca038c02654d061d6dcc6"
            ],
            "markers": "python_version >= '3.8'",
            "version": "==2.32.3"
        },
        "requests-oauthlib": {
            "hashes": [
                "sha256:7dd8a5c40426b779b0868c404bdef9768deccf22749cde15852df527e6269b36",
                "sha256:b3dffaebd884d8cd778494369603a9e7b58d29111bf6b41bdc2dcd87203af4e9"
            ],
            "markers": "python_version >= '3.4'",
            "version": "==2.0.0"
        },
        "rich": {
            "hashes": [
                "sha256:439594978a49a09530cff7ebc4b5c7103ef57baf48d5ea3184f21d9a2befa098",
                "sha256:6049d5e6ec054bf2779ab3358186963bac2ea89175919d699e378b99738c2a90"
            ],
            "index": "pypi",
            "markers": "python_full_version >= '3.8.0'",
            "version": "==13.9.4"
        },
        "s3transfer": {
            "hashes": [
                "sha256:244a76a24355363a68164241438de1b72f8781664920260c48465896b712a41e",
                "sha256:29edc09801743c21eb5ecbc617a152df41d3c287f67b615f73e5f750583666a7"
            ],
            "markers": "python_version >= '3.8'",
            "version": "==0.10.4"
        },
        "six": {
            "hashes": [
                "sha256:4721f391ed90541fddacab5acf947aa0d3dc7d27b2e1e8eda2be8970586c3274",
                "sha256:ff70335d468e7eb6ec65b95b99d3a2836546063f63acc5171de367e834932a81"
            ],
            "markers": "python_version >= '2.7' and python_version not in '3.0, 3.1, 3.2'",
            "version": "==1.17.0"
        },
        "typing-extensions": {
            "hashes": [
                "sha256:04e5ca0351e0f3f85c6853954072df659d0d13fac324d0072316b67d7794700d",
                "sha256:1a7ead55c7e559dd4dee8856e3a88b41225abfe1ce8df57b7c13915fe121ffb8"
            ],
            "markers": "python_version >= '3.8'",
            "version": "==4.12.2"
        },
        "unidecode": {
            "hashes": [
                "sha256:cfdb349d46ed3873ece4586b96aa75258726e2fa8ec21d6f00a591d98806c2f4",
                "sha256:d130a61ce6696f8148a3bd8fe779c99adeb4b870584eeb9526584e9aa091fd39"
            ],
            "markers": "python_version >= '3.5'",
            "version": "==1.3.8"
        },
        "urllib3": {
            "hashes": [
                "sha256:1cee9ad369867bfdbbb48b7dd50374c0967a0bb7710050facf0dd6911440e3df",
                "sha256:f8c5449b3cf0861679ce7e0503c7b44b5ec981bec0d1d3795a07f1ba96f0204d"
            ],
            "markers": "python_version >= '3.9'",
            "version": "==2.3.0"
        }
    },
    "develop": {}
}
