{
    "_meta": {
        "hash": {
            "sha256": "fd907401ec128b21179c2368c1a8e843a87a841e624c1084ede91f129f92463a"
        },
        "pipfile-spec": 6,
        "requires": {
            "python_version": "3.9"
        },
        "sources": [
            {
                "name": "pypi",
                "url": "https://pypi.org/simple",
                "verify_ssl": true
            }
        ]
    },
    "default": {
        "boto3": {
            "hashes": [
                "sha256:bcf97fd7c494f4e2bbbe2511625500654179c0a6b3bea977d46f97af764e85a4",
                "sha256:f4c6b025f392c934338c7f01badfddbd0d3cf2397ff5df35c31409798dce33f5"
            ],
            "index": "pypi",
            "version": "==1.24.38"
        },
        "botocore": {
            "hashes": [
                "sha256:46a0264ff3335496bd9cb404f83ec0d8eb7bfdef8f74a830c13e6a6b9612adea",
                "sha256:56a7682564ea57ceecfef5648f77b77e0543b9c904212fc9ef4416517d24fa45"
            ],
            "index": "pypi",
            "version": "==1.27.38"
        },
        "certifi": {
            "hashes": [
                "sha256:84c85a9078b11105f04f3036a9482ae10e4621616db313fe045dd24743a0820d",
                "sha256:fe86415d55e84719d75f8b69414f6438ac3547d2078ab91b67e779ef69378412"
            ],
            "markers": "python_version >= '3.6'",
            "version": "==2022.6.15"
        },
        "charset-normalizer": {
            "hashes": [
                "sha256:5189b6f22b01957427f35b6a08d9a0bc45b46d3788ef5a92e978433c7a35f8a5",
                "sha256:575e708016ff3a5e3681541cb9d79312c416835686d054a23accb873b254f413"
            ],
            "markers": "python_version >= '3.6'",
            "version": "==2.1.0"
        },
        "idna": {
            "hashes": [
                "sha256:84d9dd047ffa80596e0f246e2eab0b391788b0503584e8945f2368256d2735ff",
                "sha256:9d643ff0a55b762d5cdb124b8eaa99c66322e2157b69160bc32796e824360e6d"
            ],
            "markers": "python_version >= '3.5'",
            "version": "==3.3"
        },
        "jarowinkler": {
            "hashes": [
                "sha256:018f7205b9c4f6a58272c2d89c0dae6c06cab390c905092026f88ea9cbc4c18b",
                "sha256:072a30b179840ab783951bb6b667fc0e05330ee17081ed8c47febd000ee65826",
                "sha256:08b95989efb9f89b8b9aa5a2dcc41c180cb950e65c3199c2a8b333caec3c52b2",
                "sha256:0b6ab6330dad214f32dee7136e052412cef428535e9d69a79612bf7e83d1506c",
                "sha256:116a4b51603670d418d60de599d2677d534172a1865316080eb120ef44f27297",
                "sha256:116b7c5f03991fcddbfb2ba151a00fe0b1750c44bd766b512e31293a160e5edd",
                "sha256:135c903adda1b9fe593e13c54c9a0e2d9d366c5668d361097432e2e93837c509",
                "sha256:173a7eeec0a15710ad9b5e7c63b7d0569e8a6f19c8e2b5da24d887b86ab9b84f",
                "sha256:19f1c6383f4baee88ec98ff380249319ea4101e86086a82b61e5383a0ff12399",
                "sha256:2026ca328bec047003ce6be878b80c7b302f9a5873fd451695921448c3af2eb8",
                "sha256:2511ff5a87884d208841a18240dbb66456968455a792f027a2f566fc9a2192f4",
                "sha256:26608ea1df35a60f6431e61a1879c112fd55afc9a3f63ca0c40e7d2d527d89b2",
                "sha256:2831ae4b065b71a7413153ea74e8d9287b00a1bace0fb7096206b7a1cee23541",
                "sha256:2eac93391cd444c1495f38daa605fd0163151c637ee44efa0cc78e32e56200a7",
                "sha256:3469307b08cd3e91f561e6ccc7defbb1f2bea20d257c19a8dfa5d3e3e1bf4a9f",
                "sha256:377065ceb7c23a239b83266cf0e1a0308caf1caaea915214383dfe7bf36a8b09",
                "sha256:37815d23f114da7a15dc46d5e74b9aab2a346f972185bb80c70ec1ac97d9b563",
                "sha256:3a1a5abc4dba50a8a2e98ae35a8f44108d6f7beaba7ff51172e45645b3b63621",
                "sha256:3a38511b552e5508e1ff7b996ab143046dab2727ce9c370a5a23e8b739057364",
                "sha256:3b258b1537f89902cb77312f0c28edcd45cec6a64f357dc86ace526ce6b55431",
                "sha256:3bcc91cc0d77889388d7e28a82e2ba10730b8af5afefbb51761280493f13b421",
                "sha256:43567e403c4a478169cfb6be4d00ccc1055f6bc8ff115496cfa1b94e1ba2c1ae",
                "sha256:454d790eb260c0ba9b9eb8675140754efa3ce1c2c445f2639543c0fab3b02005",
                "sha256:4ae845cedbeed0e32e5981cd07e9a0acceb0a1672f7ffe42dd3a94d79f91d7e2",
                "sha256:51e01a16b385f480da896fe4354b216ec2d34de039a9893ee7023e12c3c8a02f",
                "sha256:56329b8c8599d497719c64b46eb027cb4aa89dc96f09c37bdb5c71fb1a9e426a",
                "sha256:56d5327f165156171de4391cd1d602a1b1315f79f466b6fc8a38342338101104",
                "sha256:57ed9497cda6ce205053ea769765948d544ab7492a44febd082fead841d97cc0",
                "sha256:5aa5c1cde44b31baea6e408b76074b09e4ad53dac4b791144f79427ae4a5a919",
                "sha256:5b8754229b2957fb40b55c661a77ea2c107ca41d767c89564616a185c494531b",
                "sha256:5c73483e00953506472fcfc1ee602fc41b91a15b4b90d0853ff1484df3274696",
                "sha256:5d5eaeb3075c3762afba3a13e4d3482ac38e5159dbf44bb3ac77e6ac3adb3ca7",
                "sha256:5fa487efd80a590f774155750a4c38bbbb8775eb4a73bffe2db65dc9b5d2f5b7",
                "sha256:617c29660e0c5a4be19fc637735211b4b44f01e34dd6ec58e2b322d5694b41bf",
                "sha256:63d2c7248c94589bb2e6f3b197697350f6956465086f38c56574fbf7e67ef463",
                "sha256:6594ff438eef7465a34673ec9ea71f183321d173f8775ec56c2c8b9a69d01786",
                "sha256:65f3b980358ce6e210b280a91d5195e5e50f28d990bb752dcf10d2321a2b5686",
                "sha256:671be0c780d7ad054aead45bd8b3c1076a4b222f954e71933b671161e9e13940",
                "sha256:678d6af42f8cf6d7067f591fac8657b9ddec53f0551afdef713c78cacbbc230c",
                "sha256:6d9f44eb1700feb0ab9d612622b7d674cceee64357226e748f4fc37a231d7bf5",
                "sha256:7109ad809f9ae3e742865cada44b874d655deb00994d19814114bb8cde379620",
                "sha256:7118976b9c1dca4ad77c97a0595d3917cead5f9b2856b14948a3bcf5f2438c44",
                "sha256:7677cc7796f9159bb5038204bddd29a694eb77f78a797d4a5dacfba2cbbb4879",
                "sha256:772646cbed2dc779868980c60b6183c81f6545528e98110adfb5c362146f7950",
                "sha256:7d71157d5b5d955cb29e754bf05c7953155c3e2a92587935bacfb1e89ab89873",
                "sha256:806fcb69b4978c4db39cfc39b459b109afb65653268e5eb48f489fdb81ffbefc",
                "sha256:815abc42f652e99e84bc31d3f0a61081734e3bc99d354824486f438e100c7726",
                "sha256:86fa003ff50d9485ba3a5b3fb03a4b3418fbfd27c3ee949b824e320bcf4ebfd7",
                "sha256:8c62e0bfc8763fffb33b988bfc2f17683ea7d3110ee6c749d221524f973b7f2f",
                "sha256:90ba602a3976c3d65922f8ac89cba4eabc50ae5bf08c99ec142d16d2367cacc1",
                "sha256:91c01ec16dd162ab0ecf167336e041b6d00cb461cfc0fe6d1c408fdba74013da",
                "sha256:93303ecac07ef2a1dddbe98c991ae3c6f6eec9c005c9e5aba97c3d7f185e0e6f",
                "sha256:9895ec7857ab132857d259b7716894420bb153d5d4aee7af6807ceb42cd0b3e0",
                "sha256:9ff8bb8e15bf583c5c7e22f7839341d87c41395cd211c1181bf552001f2a31f1",
                "sha256:a2fd6629da5a285aad6e0178e2af155941e84fb388052e2605421acbe664ff9d",
                "sha256:a38d98b58a4322b44fd844e886b1cfc1d43bdd0b9209e3e6b41a96e93ebc3a88",
                "sha256:a563d1aa47cd222f0eb4042d4b07b971c87eda247fe537a88f0e8ab02a42c7d7",
                "sha256:a5c5c9532e438825baf7ae9747af1048a4a0fe34afed8ac5a6782899f17306d7",
                "sha256:b0309231c6f567ff07781ff2dd421c2b79b8bbd8ede6d468075e2624fc1e3e50",
                "sha256:b42cdf4c8a7cbb4d190bccde9c8477a1766cf4703d6f27ec00d660cf64d601f8",
                "sha256:b4d027abebd28f1051b9118ffc443ccac0183ed5121f5a5dc7ab751ca0423dff",
                "sha256:b75b4284496e5192fa6eca6eb106fa7a6c4d519127f37751947de52702855c48",
                "sha256:bcf0fb54519adbacbd48b419f7ca318ed993260b4f7115e1fbc6ac76a7993be3",
                "sha256:bd959378d71f7cb5f5f8d2525db6d7371aad77081a48fad9410c40724c39e4c8",
                "sha256:c0878585233e9ebcee8ccb172cf302e409fdd07a40feb932260888297eb96294",
                "sha256:ce9f958d18eb9df9d2a29a20211f6b67a7daebcc15df2fa5a1642e08c1eeea14",
                "sha256:d268782c386287f7ffddc988f14c973c0c12fe373df1466bc96fa067bf0cc4a7",
                "sha256:d57b9dfc9cb4e10e1ccf97b6eb74a95d7d7aa90bb8a28c8665ee10097210cc18",
                "sha256:d5ee7ae2588400f70530d9c0cb0097df111cefb83e54b64674fa4350db2e814e",
                "sha256:d82df91795ad08858ec6cc3cde185565db68f46c47d43731bdbfc662b2a0a41c",
                "sha256:da2daf51c6a2ec933c16d600c0584071d4c337f2fa97d60a731df32806afccdb",
                "sha256:daea4481e676e20001d28265c59955540963f4a06198014d6aee9de825599bc7",
                "sha256:dcb76e132f3ee3fd8554e6639a5cc6c8e5bd2f2136d5660c2d2d38c77d0fbb0f",
                "sha256:e384a84a55c0eeadf7b448dbb8e89d6748eebb690c02c18cb34d33800379fbd8",
                "sha256:e5002d2b20f4c603e11ac1989c92470c86a5f74af373d17acb26df472a83baaf",
                "sha256:e757b89daa8709128b5d906abd58271042d0e75e06c8b38496e75f3d3512e63c",
                "sha256:e8be7251976221f91b61e2c3b405185374a4dd0c07e8a489773a6db2cc819c02",
                "sha256:ecf80ac7f7b9b8ff047b9db5564ecc314ac2e062c196b24868671d6704381853",
                "sha256:f5295a0af62fc012e9211d79f393dc05dbed071962a05e1ed917af1d62f30916",
                "sha256:fb139159b37e2d74f0e00170c228c40549e0f7f24df2c06c1c75f81e9b97ed24",
                "sha256:fb5b7934eba8e7091f712c919a19bbfb11d9a6ac44264f2f96ec2dadb9e1a389",
                "sha256:fc9312565a9995ab870d77d8daececbcf121dedd33a144e2bb6ed784a23d710f",
                "sha256:fd986c9d43ccdf1a85454cd8f1a46e574cfff88d2aea89edac400d802028c75f",
                "sha256:ff8b400810c7439f3fe3649e09c7901e5cad1cb115141e30e2fc22f749054de4"
            ],
            "markers": "python_version >= '3.6'",
            "version": "==1.2.0"
        },
        "jmespath": {
            "hashes": [
                "sha256:02e2e4cc71b5bcab88332eebf907519190dd9e6e82107fa7f83b1003a6252980",
                "sha256:90261b206d6defd58fdd5e85f478bf633a2901798906be2ad389150c5c60edbe"
            ],
            "markers": "python_version >= '3.7'",
            "version": "==1.0.1"
        },
        "leaguepedia-parser": {
            "hashes": [
                "sha256:0a63f96956b9a6f186c24a735037b3d29952ff6d93915ee5d907092492e24e3b",
                "sha256:7a3d572481ce5ec9214aefae0ccd83b1965fb9af54f067d088e228225a3663a7"
            ],
            "index": "pypi",
            "version": "==2.0.1"
        },
        "lol-dto": {
            "hashes": [
                "sha256:13ecb7fecf993c2790e6dbe4bb2c51512dee26daab7b5f483be78e9fc7b6ffa8",
                "sha256:d7cd85eb0ee7324fba4598d34b32b7556693ab781d466ea1ec5fccd7f82a1885"
            ],
            "markers": "python_version >= '3.7' and python_version < '4.0'",
            "version": "==2.0.0"
        },
        "lol-id-tools": {
            "hashes": [
                "sha256:9ad7b99c232c742b4ce84f9b900f774692316ec5e86ae30a6381470763b54d7b",
                "sha256:f9cb832eab9307f6e8fca4961ea9f32aeb42601c250d171b6a0f6af8262a8442"
            ],
            "markers": "python_version >= '3.8' and python_version < '4.0'",
            "version": "==1.8.0"
        },
        "mwcleric": {
            "hashes": [
                "sha256:cb06689bf951165bf2b8dd6fd14423bc2991e0de94e594e616c39fcb103d97c9"
            ],
            "markers": "python_version >= '3.6'",
            "version": "==0.8.6"
        },
        "mwclient": {
            "hashes": [
                "sha256:79363dd8d12f5e3b91b92b63152bf9dfef27da786c076a244e1f148c8dd67139",
                "sha256:7aad000c4c7f239c7c92c43e2d5fbdaf8573262accd6070524ff42e46950306e"
            ],
            "version": "==0.10.1"
        },
        "mwparserfromhell": {
            "hashes": [
                "sha256:0519497b8a7472298324ef92e1e82c1ab5cab85b4d64462d7ae46c4464c8b872",
                "sha256:0c2bbb36110410b5f6d6d8b2f35f65f8ec8f57c0477609d35bcaac4784a59e5a",
                "sha256:18dac5162471c38e5bbf6ee3698c49d2753e8dde372864112fdaf81047ce89d3",
                "sha256:1c908c9738c5c6bce04b825b3f95592d971ff439ace294a86fc758070afc6d0c",
                "sha256:203ad9cd78dec7480fde45c9f49d0bc2a2eaa28fa1b585461fb9f56f6587f46c",
                "sha256:2d6e124396ee41c35ea12017a66c560abb1f7f51bee04e631a149318adaf15e2",
                "sha256:2d983914c19dee5c2a13298b1ccd3a1ed2b65c81d322b7e7df99cd5386a460c6",
                "sha256:3e5f4bb96b68557acd14c4baa62cbe440b6e6d0f5263cb4860d37e1ceeada2a7",
                "sha256:42eb94a6bad20b7f8845fd2900a45373cb4d414d5a357b27457c7c6c259115c5",
                "sha256:511ff847cddb8e7014b6afb0af5dbdb5cf05ada67e31fc39efa34fbbdccb8e8b",
                "sha256:54d9819c11530fc00b8a70fa3508898109b3df72336f7b8e52f8faffbe03ee88",
                "sha256:5dfd7f57fa3d516b21790ef7f6094119082baa2e6072cef78fb9f999b77e674f",
                "sha256:60d86c8d3501edc1331b37df72b74689ee392da077c36a8b453460b8e3714cdd",
                "sha256:7c822985760b9e82857ecfb99dbb60ac35d0ebf7b2977a0215c7c56fe70c2b68",
                "sha256:7f5682ab9e1a55b20e9fb669582493d196c76a512276456848153c39d726d7d2",
                "sha256:82010e5b5da130cbcb002747f5592ffca73488e0e9cf1ebdfef6e8559c535c41",
                "sha256:92bec9528ae34d272893ccaf2b527df85c314ff28cfbb3056340467b095d834c",
                "sha256:a344ceabde013aa2f9b23494e73af11b99795f63a30124e955c185de2c8ae397",
                "sha256:abae1052b9c12a8814c76dd26ec9cfdd71102e7f89c28fb58a5fba7ee55ad1bc",
                "sha256:b7f19e7d064c467f32e0704becd81c841a807335934134d6aa859d98d01c7cf3",
                "sha256:cd0a74474ed6e85808c874511d28a253ffd2d1e5a3abe915705a25804212ac73",
                "sha256:d521a2e3787c83ecf607a7806ae655d32f3c3884b2dcf35a388183c6028ddce4",
                "sha256:d63d76f576e133c14a29f1ad2f3fc2afa17b74945ebc017e8d7d3bcb59f5243c",
                "sha256:da2568e2a492dcc913f1c026434371af7a24e05dc56450c3ab063d9e580b48f2",
                "sha256:dd81220d66bf829664a6f911b3f58e7af3061fd7fdee68c0fc9731f5bcd7519d",
                "sha256:e0c3d3bc409f8ac1221639ee2dab0dc830711d9a56a39014aad2824c2c98b3e2",
                "sha256:f8c450c39ef647678831ecf9a1f8236521d369afc4ae59a9c601d07f298eda35",
                "sha256:fc4f5718e761a3f5ad76eb9089e0792ed3a6786095abe098e37e7ac7af76afef"
            ],
            "markers": "python_version >= '3.6'",
            "version": "==0.6.4"
        },
        "mwrogue": {
            "hashes": [
                "sha256:71bab5102d65e02726fd6ae1f8904b2542287a5dcb7f7032d4466c325480efc5"
            ],
            "markers": "python_version >= '3.6'",
            "version": "==0.0.14"
        },
        "oauthlib": {
            "hashes": [
                "sha256:23a8208d75b902797ea29fd31fa80a15ed9dc2c6c16fe73f5d346f83f6fa27a2",
                "sha256:6db33440354787f9b7f3a6dbd4febf5d0f93758354060e802f6c06cb493022fe"
            ],
            "markers": "python_version >= '3.6'",
            "version": "==3.2.0"
        },
        "python-dateutil": {
            "hashes": [
                "sha256:0123cacc1627ae19ddf3c27a5de5bd67ee4586fbdd6440d9748f8abb483d3e86",
                "sha256:961d03dc3453ebbc59dbdea9e4e11c5651520a876d0f4db161e8674aae935da9"
            ],
            "markers": "python_version >= '2.7' and python_version not in '3.0, 3.1, 3.2, 3.3'",
            "version": "==2.8.2"
        },
        "pytz": {
            "hashes": [
                "sha256:1e760e2fe6a8163bc0b3d9a19c4f84342afa0a2affebfaa84b01b978a02ecaa7",
                "sha256:e68985985296d9a66a881eb3193b0906246245294a881e7c8afe623866ac6a5c"
            ],
            "version": "==2022.1"
        },
        "rapidfuzz": {
            "hashes": [
                "sha256:06121384ceca291c1b5215d44cdbbf3d87db8880c3eab2297f933ca1ce5128ad",
                "sha256:08093590a70d8bd2a66fc26b29635017779a5c6380e795f6050e79d6edc78911",
                "sha256:10b9f5c1681ec4bfcfcf2975453892346ec1ddf00a70d489c0cc67dfd8cc8e23",
                "sha256:10e67a6c2131661ef5633c6e36d77dc65e3436088f77a44e802f6410bc292af6",
                "sha256:11808afdfd60b7549d31da6320f812eb8b9e7ea6785878486dfd182a53833b6e",
                "sha256:11c40d1094aa638b18968ede4661e2562753c04ab2d8a04c6184f845c0ea8d1b",
                "sha256:137f0711db4908b68cbedadf1e1a60fa112e7f5c3b90bba561aad32d740cb84d",
                "sha256:1d40f779edfe9abf56bd10e6cbfddb156b471e63a9853802a897ec54762383a3",
                "sha256:1ea250cd8417ccc7b8de62fdd12428ef2ec70f61a5233643e49f8a9b89fa1ed9",
                "sha256:1f7a90ac59dda626f981f958b42158956b57e8c61c2577c91d2459a0595c9a79",
                "sha256:229daf8051cac2f60c380e8385fd91d8c461201957b547867b5f9d50c0099c17",
                "sha256:23c1a16e0930b74d9766b80fb6fea3d78536cccf127c7e0d693f5c9a8655460a",
                "sha256:260c230ce47cbed24bf222e05ec0a5f9a28293c2b566a97f142a6465a53d3350",
                "sha256:26ed50072d9c2fc85b75d06dfd5da939c9b19b1240560d0860aa2f4f2d689e56",
                "sha256:287a0e70ffe26275325fae08739a5034e013434e3af163e8ccadb6131b292d64",
                "sha256:2cf4ab0bd45892e9a9ed2e6d7d41d1cf571e479ff0f3358deac029086fd8c920",
                "sha256:2d40f26f9782403335574d07062e0ebf64937f829b29992a2df2dc9d7aff626d",
                "sha256:2d95b5550dcd195b10fee90686d853b5b86fc408e441b5d5e2f0f0d62ee6c7c9",
                "sha256:2fc9bf751408396260fe2b6cd0e2ba5361229e22f26e3b59b08c08815830968b",
                "sha256:30169918f58d4695efed40d0cf4752f9a8700fbc78c370f019de228d4aa2cd13",
                "sha256:31fc180736bc871718d9d992c36241818e1d280091bb57059f90275cdf398fdd",
                "sha256:34dc7096e76ffa0eab7d4071d0020c3c7e2588ba70287156d3694a5e4a202451",
                "sha256:35ff00448a75649ab181e03c264bdf0c3fc46eae29382f6ec7a635fdcb49346c",
                "sha256:36ecb511f6521f892fd69833765422d708a09a8f486b4d1cdf4921095a2c1ca3",
                "sha256:3b96fbf1c1ff5fc8c07a77bb2ed20dcb95608963cb08cb8fe3f6265c90f7cba2",
                "sha256:3c00cfa91551c58aa3f6646ae0f06d4a28391f3b0fc78975999c2275272872b8",
                "sha256:3c265ba6648f20cbb03f146bf75426b162814ac55bd466db3d87aba16a275c5b",
                "sha256:3d830db60d293ff0602ba7798e792bcbc0ec9eda6bb80bac6df2850056dc0705",
                "sha256:3f8f70e19a25afe921551d27ab732237a7e824eaa7987610d766f0d810036b63",
                "sha256:3fe0a4d0f545efab85232a2a67628fd371fd4430cf832f5617f7cbf09b2f0ea2",
                "sha256:40b70a4277c73401bf06cfe833317c4c6616943e74497689412634721601a3c6",
                "sha256:426d176c7d17f3ae0954d2bb30a3352cc9fa9f819daf458b5af7980e8e4dcd93",
                "sha256:4307eeea7e37097ab4d9e22a6553a753cd6beaf7727422a92d18b156d48f7145",
                "sha256:44aa685ff81fea37487e2255205b5db5d448e7f07cb483ca0896350aa38f920a",
                "sha256:480eba6f533e53d516f0e3477a67324b2b9a2f67f57a169784b8e4a62ad788c8",
                "sha256:4b4fa5ddb212baa5b73cf9cc124532d9fd641812afb301d04b16472844330ee9",
                "sha256:51606a7dd226cece687730566bcbab69db215739c0bfdc0ebf3c1f61841862bc",
                "sha256:5302ab15055150e232bf9506ad4d33170fb81337943c49e5ad1f98907ab0e015",
                "sha256:54ce466224791171ef0ece47bdfe5fdbda459a644c0090af804a7384bba9fc96",
                "sha256:58ef0edebb11c8f076759b0b54c34ae9a05209e2a4725bd5308db08606526f65",
                "sha256:605a8f1a29500cd37ba80e9152565424dfc8d9a5c4de2cefca6317535464839a",
                "sha256:612ef2909fa89b01eff9a549b814390a28a1a293eae78ccd9d1d1353ae6f5c41",
                "sha256:62204b908ebadb8056851f3ea2ba8eace16b84a8e9d65350ce7087b95ba45dbe",
                "sha256:66e70f89e80640f1351d116806e4ce57b3581725b47ca4a7ebca193fab6033a5",
                "sha256:699be4042f420c9469be7297c2f465aac1ece48d8ab5efcb1b071d54224b946e",
                "sha256:6c67598d1d074d5f81d36ca651558d252b0cc7fbd5302389a9c1206e021dcf55",
                "sha256:70339dbb6b2111d3f2f570c172ba53664b3775218ea59183e4c7f9246c2aa06d",
                "sha256:76cb19a9454dd1773a81f0c65cc33eadc8dceea892f5be86646150dbbc4fef70",
                "sha256:7d339bb04dbb1f07fc07b8ed51211cee579a2cc72127095a04b2b4f1693efc0c",
                "sha256:7f51eb2effe7c3061840821f8c9102aab58a2d46a3a4dd6a2df99e08067e6e3f",
                "sha256:81a1f64e599eb3c42371d6d0d5dd5d057991739ca510b8bd6a5c0aafce4ac0c7",
                "sha256:81f01fce0a5fad68c6108143911abae0d765acb85b1c1379341b26590154056f",
                "sha256:8221952fa345e9a4e3716e73d7ea773a96b4b22d7e86a0cfc659d5597ce7025d",
                "sha256:8b4618e4879924726c9dcde0da82ca20b6115dfd65fadc959732fe65019a4ffd",
                "sha256:95b28d765d53111f932f5a57925b8191783015156e386533b51fc3a4c442d828",
                "sha256:96c16c807803bbebf59e6bf54a7b970791040d5728f05c5022dcdcab3af8c885",
                "sha256:975ed43da9f3f4e98c47fbc503859438c734ff283fa485a532c81f5b844d7781",
                "sha256:99657acaeeace8add81da35b8625783e06f251685ff2b582fc748f501a82826c",
                "sha256:9a061cab4f8ed57644deeaaebeddf4da8ba4a3fcd77d6106e0e91d77b8ef09c4",
                "sha256:9e5a6c2366d732aab1d820c1f373a05460c94242f62c3eec8d69885d9c81bf3e",
                "sha256:9e985a889e23770061b7c221170a41d65a3df53a3488bfd422f2a315ae1299fb",
                "sha256:9f57ab7f66b5e8f8ad66b7115b2f04316fce6b6beb19b89f151b590a53c7c7a6",
                "sha256:9fd10265f4c8ff480529e615b4ad115a63ee8c346c0752118f25381ece22a253",
                "sha256:a3dcc7744a3b5f488b48c39d9e7a7e4e059a5c419bf2fdcc373af873fb565eb3",
                "sha256:a7aa7ab003f4ec26389521d280ce8d43c471db7ca30eda0c22a9279bed58c839",
                "sha256:a88097cb0c15f48548a38263d8ef4878ebc7581209cd5e7f34e98208fdc7fc3d",
                "sha256:abc22ee309d4c41c014b1c3f697072a5c1dff2ec72b2fa32dcdfb6adc224ce14",
                "sha256:af2aec580734e04933533d94ba76f7c6d7b590aff7246d960e30049ef412bc0e",
                "sha256:b933103b3264927fc9c561709277aa6de199371560a09b5db4177bca7bc1ac82",
                "sha256:bdae4684f90cbe97a04c06fea2809842dd443ddad822da3d4b1c1ceaf8e023ec",
                "sha256:c268c6cf8fadb50bc710da7d8194f49c221d2e1cf4da229639dd0ba7cc75bddb",
                "sha256:c5bba51120e00320e7e2f6866a0cd6757848b73eb11795cc4247a3cea8555f29",
                "sha256:ca9e9472957d8bd84f1cda25b1da6b815220c7a0127f7a1c4b34ecce6875f858",
                "sha256:cb086c659a913fc8a1fb0746557abaeb1d0c2ac4dc60905c46478d80898e3448",
                "sha256:d649358105683c0bb4422b934a2fa9aedd25854648ba5041826a99607e274f40",
                "sha256:dbe2352103bd2e860f40b5b62830b93663889260c65349bae52e493835af9d20",
                "sha256:dc10f600b7cf15ff5158509287b0095b954a1f5498c5ea23f102ef06c1b0cd3a",
                "sha256:dd956594eedcc8ee9d10c6907f89b22e09cdd1b707a66ed77ecfdb31c707addb",
                "sha256:df947d7a09efd33528a05acfb9676c039b28c964a083018a8004569564daa8ba",
                "sha256:e44809e3200d9cd78bf5093fd149857de61be5ab7aeb633ba1bea9e84719a0e2",
                "sha256:e55fc8ade3768ea4738ee89b725a290f689cd2c3ee57f61383be04782f2bbe18",
                "sha256:e925443a16e8c4481be9f7394e0e6894937462c193ebfc922669358dad26041d",
                "sha256:eee7a3745a0e76565de1036af4591a64489319834e3abd8d61565e1c86ae35e8",
                "sha256:fb670143463cca6fb3346e7d61eebd53041547d91729df08f6f4827bab83e8d7"
            ],
            "markers": "python_version >= '3.6'",
            "version": "==2.3.0"
        },
        "requests": {
            "hashes": [
                "sha256:7c5599b102feddaa661c826c56ab4fee28bfd17f5abca1ebbe3e7f19d7c97983",
                "sha256:8fefa2a1a1365bf5520aac41836fbee479da67864514bdb821f31ce07ce65349"
            ],
            "markers": "python_version >= '3.7' and python_version < '4.0'",
            "version": "==2.28.1"
        },
        "requests-oauthlib": {
            "hashes": [
                "sha256:2577c501a2fb8d05a304c09d090d6e47c306fef15809d102b327cf8364bddab5",
                "sha256:75beac4a47881eeb94d5ea5d6ad31ef88856affe2332b9aafb52c6452ccf0d7a"
            ],
            "markers": "python_version >= '2.7' and python_version not in '3.0, 3.1, 3.2, 3.3'",
            "version": "==1.3.1"
        },
        "s3transfer": {
            "hashes": [
                "sha256:06176b74f3a15f61f1b4f25a1fc29a4429040b7647133a463da8fa5bd28d5ecd",
                "sha256:2ed07d3866f523cc561bf4a00fc5535827981b117dd7876f036b0c1aca42c947"
            ],
            "markers": "python_version >= '3.7'",
            "version": "==0.6.0"
        },
        "six": {
            "hashes": [
                "sha256:1e61c37477a1626458e36f7b1d82aa5c9b094fa4802892072e49de9c60c4c926",
                "sha256:8abb2f1d86890a2dfb989f9a77cfcfd3e47c2a354b01111771326f8aa26e0254"
            ],
            "markers": "python_version >= '2.7' and python_version not in '3.0, 3.1, 3.2, 3.3'",
            "version": "==1.16.0"
        },
        "unidecode": {
            "hashes": [
                "sha256:8e4352fb93d5a735c788110d2e7ac8e8031eb06ccbfe8d324ab71735015f9342",
                "sha256:afa04efcdd818a93237574791be9b2817d7077c25a068b00f8cff7baa4e59257"
            ],
            "markers": "python_version >= '3.5'",
            "version": "==1.3.4"
        },
        "urllib3": {
            "hashes": [
                "sha256:c33ccba33c819596124764c23a97d25f32b28433ba0dedeb77d873a38722c9bc",
                "sha256:ea6e8fb210b19d950fab93b60c9009226c63a28808bc8386e05301e25883ac0a"
            ],
            "markers": "python_version >= '2.7' and python_version not in '3.0, 3.1, 3.2, 3.3, 3.4, 3.5' and python_version < '4.0'",
            "version": "==1.26.11"
        }
    },
    "develop": {}
}
